
Microsoft Visual Studio Solution File, Format Version 12.00
# Visual Studio Version 17
VisualStudioVersion = 17.1.32421.90
MinimumVisualStudioVersion = 10.0.40219.1
Project("{FAE04EC0-301F-11D3-BF4B-00C04F79EFBC}") = "Week2Review", "Week2Review\Week2Review.csproj", "{46D05D06-64BB-4E43-ADAB-8A3CB07FA95A}"
EndProject
Global
	GlobalSection(SolutionConfigurationPlatforms) = preSolution
		Debug|Any CPU = Debug|Any CPU
		Release|Any CPU = Release|Any CPU
	EndGlobalSection
	GlobalSection(ProjectConfigurationPlatforms) = postSolution
		{46D05D06-64BB-4E43-ADAB-8A3CB07FA95A}.Debug|Any CPU.ActiveCfg = Debug|Any CPU
		{46D05D06-64BB-4E43-ADAB-8A3CB07FA95A}.Debug|Any CPU.Build.0 = Debug|Any CPU
		{46D05D06-64BB-4E43-ADAB-8A3CB07FA95A}.Release|Any CPU.ActiveCfg = Release|Any CPU
		{46D05D06-64BB-4E43-ADAB-8A3CB07FA95A}.Release|Any CPU.Build.0 = Release|Any CPU
	EndGlobalSection
	GlobalSection(SolutionProperties) = preSolution
		HideSolutionNode = FALSE
	EndGlobalSection
	GlobalSection(ExtensibilityGlobals) = postSolution
		SolutionGuid = {96C1AC72-A82B-4FA5-9BAB-861EE8FAE6D5}
	EndGlobalSection
EndGlobal
